
Microsoft Visual Studio Solution File, Format Version 12.00
# Visual Studio 2013
VisualStudioVersion = 12.0.21005.1
MinimumVisualStudioVersion = 10.0.40219.1
Project("{FAE04EC0-301F-11D3-BF4B-00C04F79EFBC}") = "verkApp", "verkApp\verkApp.csproj", "{2F362FD4-B0FF-478F-8C83-A1A94DD805A9}"
EndProject
Project("{FAE04EC0-301F-11D3-BF4B-00C04F79EFBC}") = "verkApp.Tests", "verkApp.Tests\verkApp.Tests.csproj", "{4A35F793-C147-4B28-B86D-D3A1D77C65C3}"
EndProject
Global
	GlobalSection(SolutionConfigurationPlatforms) = preSolution
		Debug|Any CPU = Debug|Any CPU
		Release|Any CPU = Release|Any CPU
	EndGlobalSection
	GlobalSection(ProjectConfigurationPlatforms) = postSolution
		{2F362FD4-B0FF-478F-8C83-A1A94DD805A9}.Debug|Any CPU.ActiveCfg = Debug|Any CPU
		{2F362FD4-B0FF-478F-8C83-A1A94DD805A9}.Debug|Any CPU.Build.0 = Debug|Any CPU
		{2F362FD4-B0FF-478F-8C83-A1A94DD805A9}.Release|Any CPU.ActiveCfg = Release|Any CPU
		{2F362FD4-B0FF-478F-8C83-A1A94DD805A9}.Release|Any CPU.Build.0 = Release|Any CPU
		{4A35F793-C147-4B28-B86D-D3A1D77C65C3}.Debug|Any CPU.ActiveCfg = Debug|Any CPU
		{4A35F793-C147-4B28-B86D-D3A1D77C65C3}.Debug|Any CPU.Build.0 = Debug|Any CPU
		{4A35F793-C147-4B28-B86D-D3A1D77C65C3}.Release|Any CPU.ActiveCfg = Release|Any CPU
		{4A35F793-C147-4B28-B86D-D3A1D77C65C3}.Release|Any CPU.Build.0 = Release|Any CPU
	EndGlobalSection
	GlobalSection(SolutionProperties) = preSolution
		HideSolutionNode = FALSE
	EndGlobalSection
EndGlobal
